// !$*UTF8*$!
{
	archiveVersion = 1;
	classes = {
	};
	objectVersion = 50;
	objects = {

/* Begin PBXBuildFile section */
		48F8A8B824DF96A50075619D /* AppDelegate.swift in Sources */ = {isa = PBXBuildFile; fileRef = 48F8A8B724DF96A50075619D /* AppDelegate.swift */; };
		48F8A8BA24DF96A50075619D /* SceneDelegate.swift in Sources */ = {isa = PBXBuildFile; fileRef = 48F8A8B924DF96A50075619D /* SceneDelegate.swift */; };
		48F8A8BC24DF96A50075619D /* ContentView.swift in Sources */ = {isa = PBXBuildFile; fileRef = 48F8A8BB24DF96A50075619D /* ContentView.swift */; };
		48F8A8BE24DF96A70075619D /* Assets.xcassets in Resources */ = {isa = PBXBuildFile; fileRef = 48F8A8BD24DF96A70075619D /* Assets.xcassets */; };
		48F8A8C124DF96A70075619D /* Preview Assets.xcassets in Resources */ = {isa = PBXBuildFile; fileRef = 48F8A8C024DF96A70075619D /* Preview Assets.xcassets */; };
		48F8A8C424DF96A70075619D /* LaunchScreen.storyboard in Resources */ = {isa = PBXBuildFile; fileRef = 48F8A8C224DF96A70075619D /* LaunchScreen.storyboard */; };
		48F8A8CF24DF96A70075619D /* Match_App_SwiftUITests.swift in Sources */ = {isa = PBXBuildFile; fileRef = 48F8A8CE24DF96A70075619D /* Match_App_SwiftUITests.swift */; };
		48F8A8DA24DF96A70075619D /* Match_App_SwiftUIUITests.swift in Sources */ = {isa = PBXBuildFile; fileRef = 48F8A8D924DF96A70075619D /* Match_App_SwiftUIUITests.swift */; };
/* End PBXBuildFile section */

/* Begin PBXContainerItemProxy section */
		48F8A8CB24DF96A70075619D /* PBXContainerItemProxy */ = {
			isa = PBXContainerItemProxy;
			containerPortal = 48F8A8AC24DF96A50075619D /* Project object */;
			proxyType = 1;
			remoteGlobalIDString = 48F8A8B324DF96A50075619D;
			remoteInfo = "Match App SwiftUI";
		};
		48F8A8D624DF96A70075619D /* PBXContainerItemProxy */ = {
			isa = PBXContainerItemProxy;
			containerPortal = 48F8A8AC24DF96A50075619D /* Project object */;
			proxyType = 1;
			remoteGlobalIDString = 48F8A8B324DF96A50075619D;
			remoteInfo = "Match App SwiftUI";
		};
/* End PBXContainerItemProxy section */

/* Begin PBXFileReference section */
		48F8A8B424DF96A50075619D /* Match App SwiftUI.app */ = {isa = PBXFileReference; explicitFileType = wrapper.application; includeInIndex = 0; path = "Match App SwiftUI.app"; sourceTree = BUILT_PRODUCTS_DIR; };
		48F8A8B724DF96A50075619D /* AppDelegate.swift */ = {isa = PBXFileReference; lastKnownFileType = sourcecode.swift; path = AppDelegate.swift; sourceTree = "<group>"; };
		48F8A8B924DF96A50075619D /* SceneDelegate.swift */ = {isa = PBXFileReference; lastKnownFileType = sourcecode.swift; path = SceneDelegate.swift; sourceTree = "<group>"; };
		48F8A8BB24DF96A50075619D /* ContentView.swift */ = {isa = PBXFileReference; lastKnownFileType = sourcecode.swift; path = ContentView.swift; sourceTree = "<group>"; };
		48F8A8BD24DF96A70075619D /* Assets.xcassets */ = {isa = PBXFileReference; lastKnownFileType = folder.assetcatalog; path = Assets.xcassets; sourceTree = "<group>"; };
		48F8A8C024DF96A70075619D /* Preview Assets.xcassets */ = {isa = PBXFileReference; lastKnownFileType = folder.assetcatalog; path = "Preview Assets.xcassets"; sourceTree = "<group>"; };
		48F8A8C324DF96A70075619D /* Base */ = {isa = PBXFileReference; lastKnownFileType = file.storyboard; name = Base; path = Base.lproj/LaunchScreen.storyboard; sourceTree = "<group>"; };
		48F8A8C524DF96A70075619D /* Info.plist */ = {isa = PBXFileReference; lastKnownFileType = text.plist.xml; path = Info.plist; sourceTree = "<group>"; };
		48F8A8CA24DF96A70075619D /* Match App SwiftUITests.xctest */ = {isa = PBXFileReference; explicitFileType = wrapper.cfbundle; includeInIndex = 0; path = "Match App SwiftUITests.xctest"; sourceTree = BUILT_PRODUCTS_DIR; };
		48F8A8CE24DF96A70075619D /* Match_App_SwiftUITests.swift */ = {isa = PBXFileReference; lastKnownFileType = sourcecode.swift; path = Match_App_SwiftUITests.swift; sourceTree = "<group>"; };
		48F8A8D024DF96A70075619D /* Info.plist */ = {isa = PBXFileReference; lastKnownFileType = text.plist.xml; path = Info.plist; sourceTree = "<group>"; };
		48F8A8D524DF96A70075619D /* Match App SwiftUIUITests.xctest */ = {isa = PBXFileReference; explicitFileType = wrapper.cfbundle; includeInIndex = 0; path = "Match App SwiftUIUITests.xctest"; sourceTree = BUILT_PRODUCTS_DIR; };
		48F8A8D924DF96A70075619D /* Match_App_SwiftUIUITests.swift */ = {isa = PBXFileReference; lastKnownFileType = sourcecode.swift; path = Match_App_SwiftUIUITests.swift; sourceTree = "<group>"; };
		48F8A8DB24DF96A70075619D /* Info.plist */ = {isa = PBXFileReference; lastKnownFileType = text.plist.xml; path = Info.plist; sourceTree = "<group>"; };
/* End PBXFileReference section */

/* Begin PBXFrameworksBuildPhase section */
		48F8A8B124DF96A50075619D /* Frameworks */ = {
			isa = PBXFrameworksBuildPhase;
			buildActionMask = 2147483647;
			files = (
			);
			runOnlyForDeploymentPostprocessing = 0;
		};
		48F8A8C724DF96A70075619D /* Frameworks */ = {
			isa = PBXFrameworksBuildPhase;
			buildActionMask = 2147483647;
			files = (
			);
			runOnlyForDeploymentPostprocessing = 0;
		};
		48F8A8D224DF96A70075619D /* Frameworks */ = {
			isa = PBXFrameworksBuildPhase;
			buildActionMask = 2147483647;
			files = (
			);
			runOnlyForDeploymentPostprocessing = 0;
		};
/* End PBXFrameworksBuildPhase section */

/* Begin PBXGroup section */
		48F8A8AB24DF96A50075619D = {
			isa = PBXGroup;
			children = (
				48F8A8B624DF96A50075619D /* Match App SwiftUI */,
				48F8A8CD24DF96A70075619D /* Match App SwiftUITests */,
				48F8A8D824DF96A70075619D /* Match App SwiftUIUITests */,
				48F8A8B524DF96A50075619D /* Products */,
			);
			sourceTree = "<group>";
		};
		48F8A8B524DF96A50075619D /* Products */ = {
			isa = PBXGroup;
			children = (
				48F8A8B424DF96A50075619D /* Match App SwiftUI.app */,
				48F8A8CA24DF96A70075619D /* Match App SwiftUITests.xctest */,
				48F8A8D524DF96A70075619D /* Match App SwiftUIUITests.xctest */,
			);
			name = Products;
			sourceTree = "<group>";
		};
		48F8A8B624DF96A50075619D /* Match App SwiftUI */ = {
			isa = PBXGroup;
			children = (
				48F8A8B724DF96A50075619D /* AppDelegate.swift */,
				48F8A8B924DF96A50075619D /* SceneDelegate.swift */,
				48F8A8BB24DF96A50075619D /* ContentView.swift */,
				48F8A8BD24DF96A70075619D /* Assets.xcassets */,
				48F8A8C224DF96A70075619D /* LaunchScreen.storyboard */,
				48F8A8C524DF96A70075619D /* Info.plist */,
				48F8A8BF24DF96A70075619D /* Preview Content */,
			);
			path = "Match App SwiftUI";
			sourceTree = "<group>";
		};
		48F8A8BF24DF96A70075619D /* Preview Content */ = {
			isa = PBXGroup;
			children = (
				48F8A8C024DF96A70075619D /* Preview Assets.xcassets */,
			);
			path = "Preview Content";
			sourceTree = "<group>";
		};
		48F8A8CD24DF96A70075619D /* Match App SwiftUITests */ = {
			isa = PBXGroup;
			children = (
				48F8A8CE24DF96A70075619D /* Match_App_SwiftUITests.swift */,
				48F8A8D024DF96A70075619D /* Info.plist */,
			);
			path = "Match App SwiftUITests";
			sourceTree = "<group>";
		};
		48F8A8D824DF96A70075619D /* Match App SwiftUIUITests */ = {
			isa = PBXGroup;
			children = (
				48F8A8D924DF96A70075619D /* Match_App_SwiftUIUITests.swift */,
				48F8A8DB24DF96A70075619D /* Info.plist */,
			);
			path = "Match App SwiftUIUITests";
			sourceTree = "<group>";
		};
/* End PBXGroup section */

/* Begin PBXNativeTarget section */
		48F8A8B324DF96A50075619D /* Match App SwiftUI */ = {
			isa = PBXNativeTarget;
			buildConfigurationList = 48F8A8DE24DF96A70075619D /* Build configuration list for PBXNativeTarget "Match App SwiftUI" */;
			buildPhases = (
				48F8A8B024DF96A50075619D /* Sources */,
				48F8A8B124DF96A50075619D /* Frameworks */,
				48F8A8B224DF96A50075619D /* Resources */,
			);
			buildRules = (
			);
			dependencies = (
			);
			name = "Match App SwiftUI";
			productName = "Match App SwiftUI";
			productReference = 48F8A8B424DF96A50075619D /* Match App SwiftUI.app */;
			productType = "com.apple.product-type.application";
		};
		48F8A8C924DF96A70075619D /* Match App SwiftUITests */ = {
			isa = PBXNativeTarget;
			buildConfigurationList = 48F8A8E124DF96A70075619D /* Build configuration list for PBXNativeTarget "Match App SwiftUITests" */;
			buildPhases = (
				48F8A8C624DF96A70075619D /* Sources */,
				48F8A8C724DF96A70075619D /* Frameworks */,
				48F8A8C824DF96A70075619D /* Resources */,
			);
			buildRules = (
			);
			dependencies = (
				48F8A8CC24DF96A70075619D /* PBXTargetDependency */,
			);
			name = "Match App SwiftUITests";
			productName = "Match App SwiftUITests";
			productReference = 48F8A8CA24DF96A70075619D /* Match App SwiftUITests.xctest */;
			productType = "com.apple.product-type.bundle.unit-test";
		};
		48F8A8D424DF96A70075619D /* Match App SwiftUIUITests */ = {
			isa = PBXNativeTarget;
			buildConfigurationList = 48F8A8E424DF96A70075619D /* Build configuration list for PBXNativeTarget "Match App SwiftUIUITests" */;
			buildPhases = (
				48F8A8D124DF96A70075619D /* Sources */,
				48F8A8D224DF96A70075619D /* Frameworks */,
				48F8A8D324DF96A70075619D /* Resources */,
			);
			buildRules = (
			);
			dependencies = (
				48F8A8D724DF96A70075619D /* PBXTargetDependency */,
			);
			name = "Match App SwiftUIUITests";
			productName = "Match App SwiftUIUITests";
			productReference = 48F8A8D524DF96A70075619D /* Match App SwiftUIUITests.xctest */;
			productType = "com.apple.product-type.bundle.ui-testing";
		};
/* End PBXNativeTarget section */

/* Begin PBXProject section */
		48F8A8AC24DF96A50075619D /* Project object */ = {
			isa = PBXProject;
			attributes = {
				LastSwiftUpdateCheck = 1160;
				LastUpgradeCheck = 1160;
				ORGANIZATIONNAME = "Taha Afzal";
				TargetAttributes = {
					48F8A8B324DF96A50075619D = {
						CreatedOnToolsVersion = 11.6;
					};
					48F8A8C924DF96A70075619D = {
						CreatedOnToolsVersion = 11.6;
						TestTargetID = 48F8A8B324DF96A50075619D;
					};
					48F8A8D424DF96A70075619D = {
						CreatedOnToolsVersion = 11.6;
						TestTargetID = 48F8A8B324DF96A50075619D;
					};
				};
			};
			buildConfigurationList = 48F8A8AF24DF96A50075619D /* Build configuration list for PBXProject "Match App SwiftUI" */;
			compatibilityVersion = "Xcode 9.3";
			developmentRegion = en;
			hasScannedForEncodings = 0;
			knownRegions = (
				en,
				Base,
			);
			mainGroup = 48F8A8AB24DF96A50075619D;
			productRefGroup = 48F8A8B524DF96A50075619D /* Products */;
			projectDirPath = "";
			projectRoot = "";
			targets = (
				48F8A8B324DF96A50075619D /* Match App SwiftUI */,
				48F8A8C924DF96A70075619D /* Match App SwiftUITests */,
				48F8A8D424DF96A70075619D /* Match App SwiftUIUITests */,
			);
		};
/* End PBXProject section */

/* Begin PBXResourcesBuildPhase section */
		48F8A8B224DF96A50075619D /* Resources */ = {
			isa = PBXResourcesBuildPhase;
			buildActionMask = 2147483647;
			files = (
				48F8A8C424DF96A70075619D /* LaunchScreen.storyboard in Resources */,
				48F8A8C124DF96A70075619D /* Preview Assets.xcassets in Resources */,
				48F8A8BE24DF96A70075619D /* Assets.xcassets in Resources */,
			);
			runOnlyForDeploymentPostprocessing = 0;
		};
		48F8A8C824DF96A70075619D /* Resources */ = {
			isa = PBXResourcesBuildPhase;
			buildActionMask = 2147483647;
			files = (
			);
			runOnlyForDeploymentPostprocessing = 0;
		};
		48F8A8D324DF96A70075619D /* Resources */ = {
			isa = PBXResourcesBuildPhase;
			buildActionMask = 2147483647;
			files = (
			);
			runOnlyForDeploymentPostprocessing = 0;
		};
/* End PBXResourcesBuildPhase section */

/* Begin PBXSourcesBuildPhase section */
		48F8A8B024DF96A50075619D /* Sources */ = {
			isa = PBXSourcesBuildPhase;
			buildActionMask = 2147483647;
			files = (
				48F8A8B824DF96A50075619D /* AppDelegate.swift in Sources */,
				48F8A8BA24DF96A50075619D /* SceneDelegate.swift in Sources */,
				48F8A8BC24DF96A50075619D /* ContentView.swift in Sources */,
			);
			runOnlyForDeploymentPostprocessing = 0;
		};
		48F8A8C624DF96A70075619D /* Sources */ = {
			isa = PBXSourcesBuildPhase;
			buildActionMask = 2147483647;
			files = (
				48F8A8CF24DF96A70075619D /* Match_App_SwiftUITests.swift in Sources */,
			);
			runOnlyForDeploymentPostprocessing = 0;
		};
		48F8A8D124DF96A70075619D /* Sources */ = {
			isa = PBXSourcesBuildPhase;
			buildActionMask = 2147483647;
			files = (
				48F8A8DA24DF96A70075619D /* Match_App_SwiftUIUITests.swift in Sources */,
			);
			runOnlyForDeploymentPostprocessing = 0;
		};
/* End PBXSourcesBuildPhase section */

/* Begin PBXTargetDependency section */
		48F8A8CC24DF96A70075619D /* PBXTargetDependency */ = {
			isa = PBXTargetDependency;
			target = 48F8A8B324DF96A50075619D /* Match App SwiftUI */;
			targetProxy = 48F8A8CB24DF96A70075619D /* PBXContainerItemProxy */;
		};
		48F8A8D724DF96A70075619D /* PBXTargetDependency */ = {
			isa = PBXTargetDependency;
			target = 48F8A8B324DF96A50075619D /* Match App SwiftUI */;
			targetProxy = 48F8A8D624DF96A70075619D /* PBXContainerItemProxy */;
		};
/* End PBXTargetDependency section */

/* Begin PBXVariantGroup section */
		48F8A8C224DF96A70075619D /* LaunchScreen.storyboard */ = {
			isa = PBXVariantGroup;
			children = (
				48F8A8C324DF96A70075619D /* Base */,
			);
			name = LaunchScreen.storyboard;
			sourceTree = "<group>";
		};
/* End PBXVariantGroup section */

/* Begin XCBuildConfiguration section */
		48F8A8DC24DF96A70075619D /* Debug */ = {
			isa = XCBuildConfiguration;
			buildSettings = {
				ALWAYS_SEARCH_USER_PATHS = NO;
				CLANG_ANALYZER_NONNULL = YES;
				CLANG_ANALYZER_NUMBER_OBJECT_CONVERSION = YES_AGGRESSIVE;
				CLANG_CXX_LANGUAGE_STANDARD = "gnu++14";
				CLANG_CXX_LIBRARY = "libc++";
				CLANG_ENABLE_MODULES = YES;
				CLANG_ENABLE_OBJC_ARC = YES;
				CLANG_ENABLE_OBJC_WEAK = YES;
				CLANG_WARN_BLOCK_CAPTURE_AUTORELEASING = YES;
				CLANG_WARN_BOOL_CONVERSION = YES;
				CLANG_WARN_COMMA = YES;
				CLANG_WARN_CONSTANT_CONVERSION = YES;
				CLANG_WARN_DEPRECATED_OBJC_IMPLEMENTATIONS = YES;
				CLANG_WARN_DIRECT_OBJC_ISA_USAGE = YES_ERROR;
				CLANG_WARN_DOCUMENTATION_COMMENTS = YES;
				CLANG_WARN_EMPTY_BODY = YES;
				CLANG_WARN_ENUM_CONVERSION = YES;
				CLANG_WARN_INFINITE_RECURSION = YES;
				CLANG_WARN_INT_CONVERSION = YES;
				CLANG_WARN_NON_LITERAL_NULL_CONVERSION = YES;
				CLANG_WARN_OBJC_IMPLICIT_RETAIN_SELF = YES;
				CLANG_WARN_OBJC_LITERAL_CONVERSION = YES;
				CLANG_WARN_OBJC_ROOT_CLASS = YES_ERROR;
				CLANG_WARN_RANGE_LOOP_ANALYSIS = YES;
				CLANG_WARN_STRICT_PROTOTYPES = YES;
				CLANG_WARN_SUSPICIOUS_MOVE = YES;
				CLANG_WARN_UNGUARDED_AVAILABILITY = YES_AGGRESSIVE;
				CLANG_WARN_UNREACHABLE_CODE = YES;
				CLANG_WARN__DUPLICATE_METHOD_MATCH = YES;
				COPY_PHASE_STRIP = NO;
				DEBUG_INFORMATION_FORMAT = dwarf;
				ENABLE_STRICT_OBJC_MSGSEND = YES;
				ENABLE_TESTABILITY = YES;
				GCC_C_LANGUAGE_STANDARD = gnu11;
				GCC_DYNAMIC_NO_PIC = NO;
				GCC_NO_COMMON_BLOCKS = YES;
				GCC_OPTIMIZATION_LEVEL = 0;
				GCC_PREPROCESSOR_DEFINITIONS = (
					"DEBUG=1",
					"$(inherited)",
				);
				GCC_WARN_64_TO_32_BIT_CONVERSION = YES;
				GCC_WARN_ABOUT_RETURN_TYPE = YES_ERROR;
				GCC_WARN_UNDECLARED_SELECTOR = YES;
				GCC_WARN_UNINITIALIZED_AUTOS = YES_AGGRESSIVE;
				GCC_WARN_UNUSED_FUNCTION = YES;
				GCC_WARN_UNUSED_VARIABLE = YES;
				IPHONEOS_DEPLOYMENT_TARGET = 13.6;
				MTL_ENABLE_DEBUG_INFO = INCLUDE_SOURCE;
				MTL_FAST_MATH = YES;
				ONLY_ACTIVE_ARCH = YES;
				SDKROOT = iphoneos;
				SWIFT_ACTIVE_COMPILATION_CONDITIONS = DEBUG;
				SWIFT_OPTIMIZATION_LEVEL = "-Onone";
			};
			name = Debug;
		};
		48F8A8DD24DF96A70075619D /* Release */ = {
			isa = XCBuildConfiguration;
			buildSettings = {
				ALWAYS_SEARCH_USER_PATHS = NO;
				CLANG_ANALYZER_NONNULL = YES;
				CLANG_ANALYZER_NUMBER_OBJECT_CONVERSION = YES_AGGRESSIVE;
				CLANG_CXX_LANGUAGE_STANDARD = "gnu++14";
				CLANG_CXX_LIBRARY = "libc++";
				CLANG_ENABLE_MODULES = YES;
				CLANG_ENABLE_OBJC_ARC = YES;
				CLANG_ENABLE_OBJC_WEAK = YES;
				CLANG_WARN_BLOCK_CAPTURE_AUTORELEASING = YES;
				CLANG_WARN_BOOL_CONVERSION = YES;
				CLANG_WARN_COMMA = YES;
				CLANG_WARN_CONSTANT_CONVERSION = YES;
				CLANG_WARN_DEPRECATED_OBJC_IMPLEMENTATIONS = YES;
				CLANG_WARN_DIRECT_OBJC_ISA_USAGE = YES_ERROR;
				CLANG_WARN_DOCUMENTATION_COMMENTS = YES;
				CLANG_WARN_EMPTY_BODY = YES;
				CLANG_WARN_ENUM_CONVERSION = YES;
				CLANG_WARN_INFINITE_RECURSION = YES;
				CLANG_WARN_INT_CONVERSION = YES;
				CLANG_WARN_NON_LITERAL_NULL_CONVERSION = YES;
				CLANG_WARN_OBJC_IMPLICIT_RETAIN_SELF = YES;
				CLANG_WARN_OBJC_LITERAL_CONVERSION = YES;
				CLANG_WARN_OBJC_ROOT_CLASS = YES_ERROR;
				CLANG_WARN_RANGE_LOOP_ANALYSIS = YES;
				CLANG_WARN_STRICT_PROTOTYPES = YES;
				CLANG_WARN_SUSPICIOUS_MOVE = YES;
				CLANG_WARN_UNGUARDED_AVAILABILITY = YES_AGGRESSIVE;
				CLANG_WARN_UNREACHABLE_CODE = YES;
				CLANG_WARN__DUPLICATE_METHOD_MATCH = YES;
				COPY_PHASE_STRIP = NO;
				DEBUG_INFORMATION_FORMAT = "dwarf-with-dsym";
				ENABLE_NS_ASSERTIONS = NO;
				ENABLE_STRICT_OBJC_MSGSEND = YES;
				GCC_C_LANGUAGE_STANDARD = gnu11;
				GCC_NO_COMMON_BLOCKS = YES;
				GCC_WARN_64_TO_32_BIT_CONVERSION = YES;
				GCC_WARN_ABOUT_RETURN_TYPE = YES_ERROR;
				GCC_WARN_UNDECLARED_SELECTOR = YES;
				GCC_WARN_UNINITIALIZED_AUTOS = YES_AGGRESSIVE;
				GCC_WARN_UNUSED_FUNCTION = YES;
				GCC_WARN_UNUSED_VARIABLE = YES;
				IPHONEOS_DEPLOYMENT_TARGET = 13.6;
				MTL_ENABLE_DEBUG_INFO = NO;
				MTL_FAST_MATH = YES;
				SDKROOT = iphoneos;
				SWIFT_COMPILATION_MODE = wholemodule;
				SWIFT_OPTIMIZATION_LEVEL = "-O";
				VALIDATE_PRODUCT = YES;
			};
			name = Release;
		};
		48F8A8DF24DF96A70075619D /* Debug */ = {
			isa = XCBuildConfiguration;
			buildSettings = {
				ASSETCATALOG_COMPILER_APPICON_NAME = AppIcon;
				CODE_SIGN_STYLE = Automatic;
				DEVELOPMENT_ASSET_PATHS = "\"Match App SwiftUI/Preview Content\"";
				DEVELOPMENT_TEAM = 7G9293FBQG;
				ENABLE_PREVIEWS = YES;
				INFOPLIST_FILE = "Match App SwiftUI/Info.plist";
				LD_RUNPATH_SEARCH_PATHS = (
					"$(inherited)",
					"@executable_path/Frameworks",
				);
				PRODUCT_BUNDLE_IDENTIFIER = "com.hotmail.tahaafzal5.Match-App-SwiftUI";
				PRODUCT_NAME = "$(TARGET_NAME)";
				SWIFT_VERSION = 5.0;
				TARGETED_DEVICE_FAMILY = "1,2";
			};
			name = Debug;
		};
		48F8A8E024DF96A70075619D /* Release */ = {
			isa = XCBuildConfiguration;
			buildSettings = {
				ASSETCATALOG_COMPILER_APPICON_NAME = AppIcon;
				CODE_SIGN_STYLE = Automatic;
				DEVELOPMENT_ASSET_PATHS = "\"Match App SwiftUI/Preview Content\"";
				DEVELOPMENT_TEAM = 7G9293FBQG;
				ENABLE_PREVIEWS = YES;
				INFOPLIST_FILE = "Match App SwiftUI/Info.plist";
				LD_RUNPATH_SEARCH_PATHS = (
					"$(inherited)",
					"@executable_path/Frameworks",
				);
				PRODUCT_BUNDLE_IDENTIFIER = "com.hotmail.tahaafzal5.Match-App-SwiftUI";
				PRODUCT_NAME = "$(TARGET_NAME)";
				SWIFT_VERSION = 5.0;
				TARGETED_DEVICE_FAMILY = "1,2";
			};
			name = Release;
		};
		48F8A8E224DF96A70075619D /* Debug */ = {
			isa = XCBuildConfiguration;
			buildSettings = {
				ALWAYS_EMBED_SWIFT_STANDARD_LIBRARIES = YES;
				BUNDLE_LOADER = "$(TEST_HOST)";
				CODE_SIGN_STYLE = Automatic;
				DEVELOPMENT_TEAM = 7G9293FBQG;
				INFOPLIST_FILE = "Match App SwiftUITests/Info.plist";
				IPHONEOS_DEPLOYMENT_TARGET = 13.6;
				LD_RUNPATH_SEARCH_PATHS = (
					"$(inherited)",
					"@executable_path/Frameworks",
					"@loader_path/Frameworks",
				);
				PRODUCT_BUNDLE_IDENTIFIER = "com.hotmail.tahaafzal5.Match-App-SwiftUITests";
				PRODUCT_NAME = "$(TARGET_NAME)";
				SWIFT_VERSION = 5.0;
				TARGETED_DEVICE_FAMILY = "1,2";
				TEST_HOST = "$(BUILT_PRODUCTS_DIR)/Match App SwiftUI.app/Match App SwiftUI";
			};
			name = Debug;
		};
		48F8A8E324DF96A70075619D /* Release */ = {
			isa = XCBuildConfiguration;
			buildSettings = {
				ALWAYS_EMBED_SWIFT_STANDARD_LIBRARIES = YES;
				BUNDLE_LOADER = "$(TEST_HOST)";
				CODE_SIGN_STYLE = Automatic;
				DEVELOPMENT_TEAM = 7G9293FBQG;
				INFOPLIST_FILE = "Match App SwiftUITests/Info.plist";
				IPHONEOS_DEPLOYMENT_TARGET = 13.6;
				LD_RUNPATH_SEARCH_PATHS = (
					"$(inherited)",
					"@executable_path/Frameworks",
					"@loader_path/Frameworks",
				);
				PRODUCT_BUNDLE_IDENTIFIER = "com.hotmail.tahaafzal5.Match-App-SwiftUITests";
				PRODUCT_NAME = "$(TARGET_NAME)";
				SWIFT_VERSION = 5.0;
				TARGETED_DEVICE_FAMILY = "1,2";
				TEST_HOST = "$(BUILT_PRODUCTS_DIR)/Match App SwiftUI.app/Match App SwiftUI";
			};
			name = Release;
		};
		48F8A8E524DF96A70075619D /* Debug */ = {
			isa = XCBuildConfiguration;
			buildSettings = {
				ALWAYS_EMBED_SWIFT_STANDARD_LIBRARIES = YES;
				CODE_SIGN_STYLE = Automatic;
				DEVELOPMENT_TEAM = 7G9293FBQG;
				INFOPLIST_FILE = "Match App SwiftUIUITests/Info.plist";
				LD_RUNPATH_SEARCH_PATHS = (
					"$(inherited)",
					"@executable_path/Frameworks",
					"@loader_path/Frameworks",
				);
				PRODUCT_BUNDLE_IDENTIFIER = "com.hotmail.tahaafzal5.Match-App-SwiftUIUITests";
				PRODUCT_NAME = "$(TARGET_NAME)";
				SWIFT_VERSION = 5.0;
				TARGETED_DEVICE_FAMILY = "1,2";
				TEST_TARGET_NAME = "Match App SwiftUI";
			};
			name = Debug;
		};
		48F8A8E624DF96A70075619D /* Release */ = {
			isa = XCBuildConfiguration;
			buildSettings = {
				ALWAYS_EMBED_SWIFT_STANDARD_LIBRARIES = YES;
				CODE_SIGN_STYLE = Automatic;
				DEVELOPMENT_TEAM = 7G9293FBQG;
				INFOPLIST_FILE = "Match App SwiftUIUITests/Info.plist";
				LD_RUNPATH_SEARCH_PATHS = (
					"$(inherited)",
					"@executable_path/Frameworks",
					"@loader_path/Frameworks",
				);
				PRODUCT_BUNDLE_IDENTIFIER = "com.hotmail.tahaafzal5.Match-App-SwiftUIUITests";
				PRODUCT_NAME = "$(TARGET_NAME)";
				SWIFT_VERSION = 5.0;
				TARGETED_DEVICE_FAMILY = "1,2";
				TEST_TARGET_NAME = "Match App SwiftUI";
			};
			name = Release;
		};
/* End XCBuildConfiguration section */

/* Begin XCConfigurationList section */
		48F8A8AF24DF96A50075619D /* Build configuration list for PBXProject "Match App SwiftUI" */ = {
			isa = XCConfigurationList;
			buildConfigurations = (
				48F8A8DC24DF96A70075619D /* Debug */,
				48F8A8DD24DF96A70075619D /* Release */,
			);
			defaultConfigurationIsVisible = 0;
			defaultConfigurationName = Release;
		};
		48F8A8DE24DF96A70075619D /* Build configuration list for PBXNativeTarget "Match App SwiftUI" */ = {
			isa = XCConfigurationList;
			buildConfigurations = (
				48F8A8DF24DF96A70075619D /* Debug */,
				48F8A8E024DF96A70075619D /* Release */,
			);
			defaultConfigurationIsVisible = 0;
			defaultConfigurationName = Release;
		};
		48F8A8E124DF96A70075619D /* Build configuration list for PBXNativeTarget "Match App SwiftUITests" */ = {
			isa = XCConfigurationList;
			buildConfigurations = (
				48F8A8E224DF96A70075619D /* Debug */,
				48F8A8E324DF96A70075619D /* Release */,
			);
			defaultConfigurationIsVisible = 0;
			defaultConfigurationName = Release;
		};
		48F8A8E424DF96A70075619D /* Build configuration list for PBXNativeTarget "Match App SwiftUIUITests" */ = {
			isa = XCConfigurationList;
			buildConfigurations = (
				48F8A8E524DF96A70075619D /* Debug */,
				48F8A8E624DF96A70075619D /* Release */,
			);
			defaultConfigurationIsVisible = 0;
			defaultConfigurationName = Release;
		};
/* End XCConfigurationList section */
	};
	rootObject = 48F8A8AC24DF96A50075619D /* Project object */;
}
